// !$*UTF8*$!
{
	archiveVersion = 1;
	classes = {
	};
	objectVersion = 50;
	objects = {

/* Begin PBXBuildFile section */
		3D7F061822C467B200A1A640 /* AppDelegate.swift in Sources */ = {isa = PBXBuildFile; fileRef = 3D7F061722C467B200A1A640 /* AppDelegate.swift */; };
		3D7F061A22C467B200A1A640 /* ViewController.swift in Sources */ = {isa = PBXBuildFile; fileRef = 3D7F061922C467B200A1A640 /* ViewController.swift */; };
		3D7F061D22C467B200A1A640 /* Main.storyboard in Resources */ = {isa = PBXBuildFile; fileRef = 3D7F061B22C467B200A1A640 /* Main.storyboard */; };
		3D7F061F22C467B300A1A640 /* Assets.xcassets in Resources */ = {isa = PBXBuildFile; fileRef = 3D7F061E22C467B300A1A640 /* Assets.xcassets */; };
		3D7F062222C467B300A1A640 /* LaunchScreen.storyboard in Resources */ = {isa = PBXBuildFile; fileRef = 3D7F062022C467B300A1A640 /* LaunchScreen.storyboard */; };
		3D7F062D22C467B300A1A640 /* Friends_List_V1Tests.swift in Sources */ = {isa = PBXBuildFile; fileRef = 3D7F062C22C467B300A1A640 /* Friends_List_V1Tests.swift */; };
		3D7F063822C467B300A1A640 /* Friends_List_V1UITests.swift in Sources */ = {isa = PBXBuildFile; fileRef = 3D7F063722C467B300A1A640 /* Friends_List_V1UITests.swift */; };
/* End PBXBuildFile section */

/* Begin PBXContainerItemProxy section */
		3D7F062922C467B300A1A640 /* PBXContainerItemProxy */ = {
			isa = PBXContainerItemProxy;
			containerPortal = 3D7F060C22C467B200A1A640 /* Project object */;
			proxyType = 1;
			remoteGlobalIDString = 3D7F061322C467B200A1A640;
			remoteInfo = "Friends List V1";
		};
		3D7F063422C467B300A1A640 /* PBXContainerItemProxy */ = {
			isa = PBXContainerItemProxy;
			containerPortal = 3D7F060C22C467B200A1A640 /* Project object */;
			proxyType = 1;
			remoteGlobalIDString = 3D7F061322C467B200A1A640;
			remoteInfo = "Friends List V1";
		};
/* End PBXContainerItemProxy section */

/* Begin PBXFileReference section */
		3D7F061422C467B200A1A640 /* Friends List V1.app */ = {isa = PBXFileReference; explicitFileType = wrapper.application; includeInIndex = 0; path = "Friends List V1.app"; sourceTree = BUILT_PRODUCTS_DIR; };
		3D7F061722C467B200A1A640 /* AppDelegate.swift */ = {isa = PBXFileReference; lastKnownFileType = sourcecode.swift; path = AppDelegate.swift; sourceTree = "<group>"; };
		3D7F061922C467B200A1A640 /* ViewController.swift */ = {isa = PBXFileReference; lastKnownFileType = sourcecode.swift; path = ViewController.swift; sourceTree = "<group>"; };
		3D7F061C22C467B200A1A640 /* Base */ = {isa = PBXFileReference; lastKnownFileType = file.storyboard; name = Base; path = Base.lproj/Main.storyboard; sourceTree = "<group>"; };
		3D7F061E22C467B300A1A640 /* Assets.xcassets */ = {isa = PBXFileReference; lastKnownFileType = folder.assetcatalog; path = Assets.xcassets; sourceTree = "<group>"; };
		3D7F062122C467B300A1A640 /* Base */ = {isa = PBXFileReference; lastKnownFileType = file.storyboard; name = Base; path = Base.lproj/LaunchScreen.storyboard; sourceTree = "<group>"; };
		3D7F062322C467B300A1A640 /* Info.plist */ = {isa = PBXFileReference; lastKnownFileType = text.plist.xml; path = Info.plist; sourceTree = "<group>"; };
		3D7F062822C467B300A1A640 /* Friends List V1Tests.xctest */ = {isa = PBXFileReference; explicitFileType = wrapper.cfbundle; includeInIndex = 0; path = "Friends List V1Tests.xctest"; sourceTree = BUILT_PRODUCTS_DIR; };
		3D7F062C22C467B300A1A640 /* Friends_List_V1Tests.swift */ = {isa = PBXFileReference; lastKnownFileType = sourcecode.swift; path = Friends_List_V1Tests.swift; sourceTree = "<group>"; };
		3D7F062E22C467B300A1A640 /* Info.plist */ = {isa = PBXFileReference; lastKnownFileType = text.plist.xml; path = Info.plist; sourceTree = "<group>"; };
		3D7F063322C467B300A1A640 /* Friends List V1UITests.xctest */ = {isa = PBXFileReference; explicitFileType = wrapper.cfbundle; includeInIndex = 0; path = "Friends List V1UITests.xctest"; sourceTree = BUILT_PRODUCTS_DIR; };
		3D7F063722C467B300A1A640 /* Friends_List_V1UITests.swift */ = {isa = PBXFileReference; lastKnownFileType = sourcecode.swift; path = Friends_List_V1UITests.swift; sourceTree = "<group>"; };
		3D7F063922C467B300A1A640 /* Info.plist */ = {isa = PBXFileReference; lastKnownFileType = text.plist.xml; path = Info.plist; sourceTree = "<group>"; };
/* End PBXFileReference section */

/* Begin PBXFrameworksBuildPhase section */
		3D7F061122C467B200A1A640 /* Frameworks */ = {
			isa = PBXFrameworksBuildPhase;
			buildActionMask = 2147483647;
			files = (
			);
			runOnlyForDeploymentPostprocessing = 0;
		};
		3D7F062522C467B300A1A640 /* Frameworks */ = {
			isa = PBXFrameworksBuildPhase;
			buildActionMask = 2147483647;
			files = (
			);
			runOnlyForDeploymentPostprocessing = 0;
		};
		3D7F063022C467B300A1A640 /* Frameworks */ = {
			isa = PBXFrameworksBuildPhase;
			buildActionMask = 2147483647;
			files = (
			);
			runOnlyForDeploymentPostprocessing = 0;
		};
/* End PBXFrameworksBuildPhase section */

/* Begin PBXGroup section */
		3D7F060B22C467B200A1A640 = {
			isa = PBXGroup;
			children = (
				3D7F061622C467B200A1A640 /* Friends List V1 */,
				3D7F062B22C467B300A1A640 /* Friends List V1Tests */,
				3D7F063622C467B300A1A640 /* Friends List V1UITests */,
				3D7F061522C467B200A1A640 /* Products */,
			);
			sourceTree = "<group>";
		};
		3D7F061522C467B200A1A640 /* Products */ = {
			isa = PBXGroup;
			children = (
				3D7F061422C467B200A1A640 /* Friends List V1.app */,
				3D7F062822C467B300A1A640 /* Friends List V1Tests.xctest */,
				3D7F063322C467B300A1A640 /* Friends List V1UITests.xctest */,
			);
			name = Products;
			sourceTree = "<group>";
		};
		3D7F061622C467B200A1A640 /* Friends List V1 */ = {
			isa = PBXGroup;
			children = (
				3D7F061722C467B200A1A640 /* AppDelegate.swift */,
				3D7F061922C467B200A1A640 /* ViewController.swift */,
				3D7F061B22C467B200A1A640 /* Main.storyboard */,
				3D7F061E22C467B300A1A640 /* Assets.xcassets */,
				3D7F062022C467B300A1A640 /* LaunchScreen.storyboard */,
				3D7F062322C467B300A1A640 /* Info.plist */,
			);
			path = "Friends List V1";
			sourceTree = "<group>";
		};
		3D7F062B22C467B300A1A640 /* Friends List V1Tests */ = {
			isa = PBXGroup;
			children = (
				3D7F062C22C467B300A1A640 /* Friends_List_V1Tests.swift */,
				3D7F062E22C467B300A1A640 /* Info.plist */,
			);
			path = "Friends List V1Tests";
			sourceTree = "<group>";
		};
		3D7F063622C467B300A1A640 /* Friends List V1UITests */ = {
			isa = PBXGroup;
			children = (
				3D7F063722C467B300A1A640 /* Friends_List_V1UITests.swift */,
				3D7F063922C467B300A1A640 /* Info.plist */,
			);
			path = "Friends List V1UITests";
			sourceTree = "<group>";
		};
/* End PBXGroup section */

/* Begin PBXNativeTarget section */
		3D7F061322C467B200A1A640 /* Friends List V1 */ = {
			isa = PBXNativeTarget;
			buildConfigurationList = 3D7F063C22C467B300A1A640 /* Build configuration list for PBXNativeTarget "Friends List V1" */;
			buildPhases = (
				3D7F061022C467B200A1A640 /* Sources */,
				3D7F061122C467B200A1A640 /* Frameworks */,
				3D7F061222C467B200A1A640 /* Resources */,
			);
			buildRules = (
			);
			dependencies = (
			);
			name = "Friends List V1";
			productName = "Friends List V1";
			productReference = 3D7F061422C467B200A1A640 /* Friends List V1.app */;
			productType = "com.apple.product-type.application";
		};
		3D7F062722C467B300A1A640 /* Friends List V1Tests */ = {
			isa = PBXNativeTarget;
			buildConfigurationList = 3D7F063F22C467B300A1A640 /* Build configuration list for PBXNativeTarget "Friends List V1Tests" */;
			buildPhases = (
				3D7F062422C467B300A1A640 /* Sources */,
				3D7F062522C467B300A1A640 /* Frameworks */,
				3D7F062622C467B300A1A640 /* Resources */,
			);
			buildRules = (
			);
			dependencies = (
				3D7F062A22C467B300A1A640 /* PBXTargetDependency */,
			);
			name = "Friends List V1Tests";
			productName = "Friends List V1Tests";
			productReference = 3D7F062822C467B300A1A640 /* Friends List V1Tests.xctest */;
			productType = "com.apple.product-type.bundle.unit-test";
		};
		3D7F063222C467B300A1A640 /* Friends List V1UITests */ = {
			isa = PBXNativeTarget;
			buildConfigurationList = 3D7F064222C467B300A1A640 /* Build configuration list for PBXNativeTarget "Friends List V1UITests" */;
			buildPhases = (
				3D7F062F22C467B300A1A640 /* Sources */,
				3D7F063022C467B300A1A640 /* Frameworks */,
				3D7F063122C467B300A1A640 /* Resources */,
			);
			buildRules = (
			);
			dependencies = (
				3D7F063522C467B300A1A640 /* PBXTargetDependency */,
			);
			name = "Friends List V1UITests";
			productName = "Friends List V1UITests";
			productReference = 3D7F063322C467B300A1A640 /* Friends List V1UITests.xctest */;
			productType = "com.apple.product-type.bundle.ui-testing";
		};
/* End PBXNativeTarget section */

/* Begin PBXProject section */
		3D7F060C22C467B200A1A640 /* Project object */ = {
			isa = PBXProject;
			attributes = {
				LastSwiftUpdateCheck = 1020;
				LastUpgradeCheck = 1020;
				ORGANIZATIONNAME = Willie;
				TargetAttributes = {
					3D7F061322C467B200A1A640 = {
						CreatedOnToolsVersion = 10.2.1;
					};
					3D7F062722C467B300A1A640 = {
						CreatedOnToolsVersion = 10.2.1;
						TestTargetID = 3D7F061322C467B200A1A640;
					};
					3D7F063222C467B300A1A640 = {
						CreatedOnToolsVersion = 10.2.1;
						TestTargetID = 3D7F061322C467B200A1A640;
					};
				};
			};
			buildConfigurationList = 3D7F060F22C467B200A1A640 /* Build configuration list for PBXProject "Friends List V1" */;
			compatibilityVersion = "Xcode 9.3";
			developmentRegion = en;
			hasScannedForEncodings = 0;
			knownRegions = (
				en,
				Base,
			);
			mainGroup = 3D7F060B22C467B200A1A640;
			productRefGroup = 3D7F061522C467B200A1A640 /* Products */;
			projectDirPath = "";
			projectRoot = "";
			targets = (
				3D7F061322C467B200A1A640 /* Friends List V1 */,
				3D7F062722C467B300A1A640 /* Friends List V1Tests */,
				3D7F063222C467B300A1A640 /* Friends List V1UITests */,
			);
		};
/* End PBXProject section */

/* Begin PBXResourcesBuildPhase section */
		3D7F061222C467B200A1A640 /* Resources */ = {
			isa = PBXResourcesBuildPhase;
			buildActionMask = 2147483647;
			files = (
				3D7F062222C467B300A1A640 /* LaunchScreen.storyboard in Resources */,
				3D7F061F22C467B300A1A640 /* Assets.xcassets in Resources */,
				3D7F061D22C467B200A1A640 /* Main.storyboard in Resources */,
			);
			runOnlyForDeploymentPostprocessing = 0;
		};
		3D7F062622C467B300A1A640 /* Resources */ = {
			isa = PBXResourcesBuildPhase;
			buildActionMask = 2147483647;
			files = (
			);
			runOnlyForDeploymentPostprocessing = 0;
		};
		3D7F063122C467B300A1A640 /* Resources */ = {
			isa = PBXResourcesBuildPhase;
			buildActionMask = 2147483647;
			files = (
			);
			runOnlyForDeploymentPostprocessing = 0;
		};
/* End PBXResourcesBuildPhase section */

/* Begin PBXSourcesBuildPhase section */
		3D7F061022C467B200A1A640 /* Sources */ = {
			isa = PBXSourcesBuildPhase;
			buildActionMask = 2147483647;
			files = (
				3D7F061A22C467B200A1A640 /* ViewController.swift in Sources */,
				3D7F061822C467B200A1A640 /* AppDelegate.swift in Sources */,
			);
			runOnlyForDeploymentPostprocessing = 0;
		};
		3D7F062422C467B300A1A640 /* Sources */ = {
			isa = PBXSourcesBuildPhase;
			buildActionMask = 2147483647;
			files = (
				3D7F062D22C467B300A1A640 /* Friends_List_V1Tests.swift in Sources */,
			);
			runOnlyForDeploymentPostprocessing = 0;
		};
		3D7F062F22C467B300A1A640 /* Sources */ = {
			isa = PBXSourcesBuildPhase;
			buildActionMask = 2147483647;
			files = (
				3D7F063822C467B300A1A640 /* Friends_List_V1UITests.swift in Sources */,
			);
			runOnlyForDeploymentPostprocessing = 0;
		};
/* End PBXSourcesBuildPhase section */

/* Begin PBXTargetDependency section */
		3D7F062A22C467B300A1A640 /* PBXTargetDependency */ = {
			isa = PBXTargetDependency;
			target = 3D7F061322C467B200A1A640 /* Friends List V1 */;
			targetProxy = 3D7F062922C467B300A1A640 /* PBXContainerItemProxy */;
		};
		3D7F063522C467B300A1A640 /* PBXTargetDependency */ = {
			isa = PBXTargetDependency;
			target = 3D7F061322C467B200A1A640 /* Friends List V1 */;
			targetProxy = 3D7F063422C467B300A1A640 /* PBXContainerItemProxy */;
		};
/* End PBXTargetDependency section */

/* Begin PBXVariantGroup section */
		3D7F061B22C467B200A1A640 /* Main.storyboard */ = {
			isa = PBXVariantGroup;
			children = (
				3D7F061C22C467B200A1A640 /* Base */,
			);
			name = Main.storyboard;
			sourceTree = "<group>";
		};
		3D7F062022C467B300A1A640 /* LaunchScreen.storyboard */ = {
			isa = PBXVariantGroup;
			children = (
				3D7F062122C467B300A1A640 /* Base */,
			);
			name = LaunchScreen.storyboard;
			sourceTree = "<group>";
		};
/* End PBXVariantGroup section */

/* Begin XCBuildConfiguration section */
		3D7F063A22C467B300A1A640 /* Debug */ = {
			isa = XCBuildConfiguration;
			buildSettings = {
				ALWAYS_SEARCH_USER_PATHS = NO;
				CLANG_ANALYZER_NONNULL = YES;
				CLANG_ANALYZER_NUMBER_OBJECT_CONVERSION = YES_AGGRESSIVE;
				CLANG_CXX_LANGUAGE_STANDARD = "gnu++14";
				CLANG_CXX_LIBRARY = "libc++";
				CLANG_ENABLE_MODULES = YES;
				CLANG_ENABLE_OBJC_ARC = YES;
				CLANG_ENABLE_OBJC_WEAK = YES;
				CLANG_WARN_BLOCK_CAPTURE_AUTORELEASING = YES;
				CLANG_WARN_BOOL_CONVERSION = YES;
				CLANG_WARN_COMMA = YES;
				CLANG_WARN_CONSTANT_CONVERSION = YES;
				CLANG_WARN_DEPRECATED_OBJC_IMPLEMENTATIONS = YES;
				CLANG_WARN_DIRECT_OBJC_ISA_USAGE = YES_ERROR;
				CLANG_WARN_DOCUMENTATION_COMMENTS = YES;
				CLANG_WARN_EMPTY_BODY = YES;
				CLANG_WARN_ENUM_CONVERSION = YES;
				CLANG_WARN_INFINITE_RECURSION = YES;
				CLANG_WARN_INT_CONVERSION = YES;
				CLANG_WARN_NON_LITERAL_NULL_CONVERSION = YES;
				CLANG_WARN_OBJC_IMPLICIT_RETAIN_SELF = YES;
				CLANG_WARN_OBJC_LITERAL_CONVERSION = YES;
				CLANG_WARN_OBJC_ROOT_CLASS = YES_ERROR;
				CLANG_WARN_RANGE_LOOP_ANALYSIS = YES;
				CLANG_WARN_STRICT_PROTOTYPES = YES;
				CLANG_WARN_SUSPICIOUS_MOVE = YES;
				CLANG_WARN_UNGUARDED_AVAILABILITY = YES_AGGRESSIVE;
				CLANG_WARN_UNREACHABLE_CODE = YES;
				CLANG_WARN__DUPLICATE_METHOD_MATCH = YES;
				CODE_SIGN_IDENTITY = "iPhone Developer";
				COPY_PHASE_STRIP = NO;
				DEBUG_INFORMATION_FORMAT = dwarf;
				ENABLE_STRICT_OBJC_MSGSEND = YES;
				ENABLE_TESTABILITY = YES;
				GCC_C_LANGUAGE_STANDARD = gnu11;
				GCC_DYNAMIC_NO_PIC = NO;
				GCC_NO_COMMON_BLOCKS = YES;
				GCC_OPTIMIZATION_LEVEL = 0;
				GCC_PREPROCESSOR_DEFINITIONS = (
					"DEBUG=1",
					"$(inherited)",
				);
				GCC_WARN_64_TO_32_BIT_CONVERSION = YES;
				GCC_WARN_ABOUT_RETURN_TYPE = YES_ERROR;
				GCC_WARN_UNDECLARED_SELECTOR = YES;
				GCC_WARN_UNINITIALIZED_AUTOS = YES_AGGRESSIVE;
				GCC_WARN_UNUSED_FUNCTION = YES;
				GCC_WARN_UNUSED_VARIABLE = YES;
				IPHONEOS_DEPLOYMENT_TARGET = 12.2;
				MTL_ENABLE_DEBUG_INFO = INCLUDE_SOURCE;
				MTL_FAST_MATH = YES;
				ONLY_ACTIVE_ARCH = YES;
				SDKROOT = iphoneos;
				SWIFT_ACTIVE_COMPILATION_CONDITIONS = DEBUG;
				SWIFT_OPTIMIZATION_LEVEL = "-Onone";
			};
			name = Debug;
		};
		3D7F063B22C467B300A1A640 /* Release */ = {
			isa = XCBuildConfiguration;
			buildSettings = {
				ALWAYS_SEARCH_USER_PATHS = NO;
				CLANG_ANALYZER_NONNULL = YES;
				CLANG_ANALYZER_NUMBER_OBJECT_CONVERSION = YES_AGGRESSIVE;
				CLANG_CXX_LANGUAGE_STANDARD = "gnu++14";
				CLANG_CXX_LIBRARY = "libc++";
				CLANG_ENABLE_MODULES = YES;
				CLANG_ENABLE_OBJC_ARC = YES;
				CLANG_ENABLE_OBJC_WEAK = YES;
				CLANG_WARN_BLOCK_CAPTURE_AUTORELEASING = YES;
				CLANG_WARN_BOOL_CONVERSION = YES;
				CLANG_WARN_COMMA = YES;
				CLANG_WARN_CONSTANT_CONVERSION = YES;
				CLANG_WARN_DEPRECATED_OBJC_IMPLEMENTATIONS = YES;
				CLANG_WARN_DIRECT_OBJC_ISA_USAGE = YES_ERROR;
				CLANG_WARN_DOCUMENTATION_COMMENTS = YES;
				CLANG_WARN_EMPTY_BODY = YES;
				CLANG_WARN_ENUM_CONVERSION = YES;
				CLANG_WARN_INFINITE_RECURSION = YES;
				CLANG_WARN_INT_CONVERSION = YES;
				CLANG_WARN_NON_LITERAL_NULL_CONVERSION = YES;
				CLANG_WARN_OBJC_IMPLICIT_RETAIN_SELF = YES;
				CLANG_WARN_OBJC_LITERAL_CONVERSION = YES;
				CLANG_WARN_OBJC_ROOT_CLASS = YES_ERROR;
				CLANG_WARN_RANGE_LOOP_ANALYSIS = YES;
				CLANG_WARN_STRICT_PROTOTYPES = YES;
				CLANG_WARN_SUSPICIOUS_MOVE = YES;
				CLANG_WARN_UNGUARDED_AVAILABILITY = YES_AGGRESSIVE;
				CLANG_WARN_UNREACHABLE_CODE = YES;
				CLANG_WARN__DUPLICATE_METHOD_MATCH = YES;
				CODE_SIGN_IDENTITY = "iPhone Developer";
				COPY_PHASE_STRIP = NO;
				DEBUG_INFORMATION_FORMAT = "dwarf-with-dsym";
				ENABLE_NS_ASSERTIONS = NO;
				ENABLE_STRICT_OBJC_MSGSEND = YES;
				GCC_C_LANGUAGE_STANDARD = gnu11;
				GCC_NO_COMMON_BLOCKS = YES;
				GCC_WARN_64_TO_32_BIT_CONVERSION = YES;
				GCC_WARN_ABOUT_RETURN_TYPE = YES_ERROR;
				GCC_WARN_UNDECLARED_SELECTOR = YES;
				GCC_WARN_UNINITIALIZED_AUTOS = YES_AGGRESSIVE;
				GCC_WARN_UNUSED_FUNCTION = YES;
				GCC_WARN_UNUSED_VARIABLE = YES;
				IPHONEOS_DEPLOYMENT_TARGET = 12.2;
				MTL_ENABLE_DEBUG_INFO = NO;
				MTL_FAST_MATH = YES;
				SDKROOT = iphoneos;
				SWIFT_COMPILATION_MODE = wholemodule;
				SWIFT_OPTIMIZATION_LEVEL = "-O";
				VALIDATE_PRODUCT = YES;
			};
			name = Release;
		};
		3D7F063D22C467B300A1A640 /* Debug */ = {
			isa = XCBuildConfiguration;
			buildSettings = {
				ASSETCATALOG_COMPILER_APPICON_NAME = AppIcon;
				CODE_SIGN_STYLE = Automatic;
				INFOPLIST_FILE = "Friends List V1/Info.plist";
				LD_RUNPATH_SEARCH_PATHS = (
					"$(inherited)",
					"@executable_path/Frameworks",
				);
				PRODUCT_BUNDLE_IDENTIFIER = "williamliaoshikai-gmail.com.Friends-List-V1";
				PRODUCT_NAME = "$(TARGET_NAME)";
				SWIFT_VERSION = 5.0;
				TARGETED_DEVICE_FAMILY = "1,2";
			};
			name = Debug;
		};
		3D7F063E22C467B300A1A640 /* Release */ = {
			isa = XCBuildConfiguration;
			buildSettings = {
				ASSETCATALOG_COMPILER_APPICON_NAME = AppIcon;
				CODE_SIGN_STYLE = Automatic;
				INFOPLIST_FILE = "Friends List V1/Info.plist";
				LD_RUNPATH_SEARCH_PATHS = (
					"$(inherited)",
					"@executable_path/Frameworks",
				);
				PRODUCT_BUNDLE_IDENTIFIER = "williamliaoshikai-gmail.com.Friends-List-V1";
				PRODUCT_NAME = "$(TARGET_NAME)";
				SWIFT_VERSION = 5.0;
				TARGETED_DEVICE_FAMILY = "1,2";
			};
			name = Release;
		};
		3D7F064022C467B300A1A640 /* Debug */ = {
			isa = XCBuildConfiguration;
			buildSettings = {
				ALWAYS_EMBED_SWIFT_STANDARD_LIBRARIES = YES;
				BUNDLE_LOADER = "$(TEST_HOST)";
				CODE_SIGN_STYLE = Automatic;
				INFOPLIST_FILE = "Friends List V1Tests/Info.plist";
				LD_RUNPATH_SEARCH_PATHS = (
					"$(inherited)",
					"@executable_path/Frameworks",
					"@loader_path/Frameworks",
				);
				PRODUCT_BUNDLE_IDENTIFIER = "williamliaoshikai-gmail.com.Friends-List-V1Tests";
				PRODUCT_NAME = "$(TARGET_NAME)";
				SWIFT_VERSION = 5.0;
				TARGETED_DEVICE_FAMILY = "1,2";
				TEST_HOST = "$(BUILT_PRODUCTS_DIR)/Friends List V1.app/Friends List V1";
			};
			name = Debug;
		};
		3D7F064122C467B300A1A640 /* Release */ = {
			isa = XCBuildConfiguration;
			buildSettings = {
				ALWAYS_EMBED_SWIFT_STANDARD_LIBRARIES = YES;
				BUNDLE_LOADER = "$(TEST_HOST)";
				CODE_SIGN_STYLE = Automatic;
				INFOPLIST_FILE = "Friends List V1Tests/Info.plist";
				LD_RUNPATH_SEARCH_PATHS = (
					"$(inherited)",
					"@executable_path/Frameworks",
					"@loader_path/Frameworks",
				);
				PRODUCT_BUNDLE_IDENTIFIER = "williamliaoshikai-gmail.com.Friends-List-V1Tests";
				PRODUCT_NAME = "$(TARGET_NAME)";
				SWIFT_VERSION = 5.0;
				TARGETED_DEVICE_FAMILY = "1,2";
				TEST_HOST = "$(BUILT_PRODUCTS_DIR)/Friends List V1.app/Friends List V1";
			};
			name = Release;
		};
		3D7F064322C467B300A1A640 /* Debug */ = {
			isa = XCBuildConfiguration;
			buildSettings = {
				ALWAYS_EMBED_SWIFT_STANDARD_LIBRARIES = YES;
				CODE_SIGN_STYLE = Automatic;
				INFOPLIST_FILE = "Friends List V1UITests/Info.plist";
				LD_RUNPATH_SEARCH_PATHS = (
					"$(inherited)",
					"@executable_path/Frameworks",
					"@loader_path/Frameworks",
				);
				PRODUCT_BUNDLE_IDENTIFIER = "williamliaoshikai-gmail.com.Friends-List-V1UITests";
				PRODUCT_NAME = "$(TARGET_NAME)";
				SWIFT_VERSION = 5.0;
				TARGETED_DEVICE_FAMILY = "1,2";
				TEST_TARGET_NAME = "Friends List V1";
			};
			name = Debug;
		};
		3D7F064422C467B300A1A640 /* Release */ = {
			isa = XCBuildConfiguration;
			buildSettings = {
				ALWAYS_EMBED_SWIFT_STANDARD_LIBRARIES = YES;
				CODE_SIGN_STYLE = Automatic;
				INFOPLIST_FILE = "Friends List V1UITests/Info.plist";
				LD_RUNPATH_SEARCH_PATHS = (
					"$(inherited)",
					"@executable_path/Frameworks",
					"@loader_path/Frameworks",
				);
				PRODUCT_BUNDLE_IDENTIFIER = "williamliaoshikai-gmail.com.Friends-List-V1UITests";
				PRODUCT_NAME = "$(TARGET_NAME)";
				SWIFT_VERSION = 5.0;
				TARGETED_DEVICE_FAMILY = "1,2";
				TEST_TARGET_NAME = "Friends List V1";
			};
			name = Release;
		};
/* End XCBuildConfiguration section */

/* Begin XCConfigurationList section */
		3D7F060F22C467B200A1A640 /* Build configuration list for PBXProject "Friends List V1" */ = {
			isa = XCConfigurationList;
			buildConfigurations = (
				3D7F063A22C467B300A1A640 /* Debug */,
				3D7F063B22C467B300A1A640 /* Release */,
			);
			defaultConfigurationIsVisible = 0;
			defaultConfigurationName = Release;
		};
		3D7F063C22C467B300A1A640 /* Build configuration list for PBXNativeTarget "Friends List V1" */ = {
			isa = XCConfigurationList;
			buildConfigurations = (
				3D7F063D22C467B300A1A640 /* Debug */,
				3D7F063E22C467B300A1A640 /* Release */,
			);
			defaultConfigurationIsVisible = 0;
			defaultConfigurationName = Release;
		};
		3D7F063F22C467B300A1A640 /* Build configuration list for PBXNativeTarget "Friends List V1Tests" */ = {
			isa = XCConfigurationList;
			buildConfigurations = (
				3D7F064022C467B300A1A640 /* Debug */,
				3D7F064122C467B300A1A640 /* Release */,
			);
			defaultConfigurationIsVisible = 0;
			defaultConfigurationName = Release;
		};
		3D7F064222C467B300A1A640 /* Build configuration list for PBXNativeTarget "Friends List V1UITests" */ = {
			isa = XCConfigurationList;
			buildConfigurations = (
				3D7F064322C467B300A1A640 /* Debug */,
				3D7F064422C467B300A1A640 /* Release */,
			);
			defaultConfigurationIsVisible = 0;
			defaultConfigurationName = Release;
		};
/* End XCConfigurationList section */
	};
	rootObject = 3D7F060C22C467B200A1A640 /* Project object */;
}
